github.com/BurntSushi/toml v1.6.0 h1:dRaEfpa2VI55EwlIW72hMRHdWouJeRF7TPYhI+AUQjk=
github.com/BurntSushi/toml v1.6.0/go.mod h1:ukJfTF/6rtPPRCnwkur4qwRxa8vTRFBF0uk2lLoLwho=
github.com/fxamacker/cbor/v2 v2.9.4 h1:xwjVlxEMR3S605oUlgBjKLTTeGFciYPGYCtF/35LKGo=
github.com/fxamacker/cbor/v2 v2.9.4/go.mod h1:vM4b+DJCtHn+zz7h3FFp/hDAI9WNWCsZj23V5ytsSxQ=
github.com/maloquacious/hexg v1.2.0 h1:YRDmajWoDvmfMvCkZzramFlKF3l4SqnjavS7K+F7RaE=
github.com/maloquacious/hexg v1.2.0/go.mod h1:Un6Fvo4X/rCr5WTG4abr4Bos/9h7NyBvHqK4q5Ok4iY=
github.com/maloquacious/semver v0.4.1 h1:qwMBcA9VfkD1KsPIMcX7KW9/rnBpBQBbTTcZhlgOIgc=
github.com/maloquacious/semver v0.4.1/go.mod h1:0VQ90ipG1SLXCDcQo1bgYTBIpvXsEiNOnEF5Bs/HRYY=
github.com/x448/float16 v0.8.4 h1:qLwI1I70+NjRFUR3zs1JPUCgaCXSh3SW62uAKT1mSBM=
github.com/x448/float16 v0.8.4/go.mod h1:14CWIYCyZA/cWjXOioeEpHeN/83MdbZDRQHoFcYsOfg=
